{
  "version": 4,
  "terraform_version": "1.11.3",
  "serial": 3,
  "lineage": "28e07092-f904-51a3-bf24-7c88dc72b744",
  "outputs": {
    "picture_key": {
      "value": "360_F_563160370_QKKN5QwcLcFL1mnKYlLSU3GJxa3jXCaG.jpg",
      "type": "string"
    }
  },
  "resources": [
    {
      "mode": "managed",
      "type": "yandex_kms_symmetric_key",
      "name": "secret-key",
      "provider": "provider[\"registry.terraform.io/yandex-cloud/yandex\"]",
      "instances": [
        {
          "schema_version": 1,
          "attributes": {
            "created_at": "2025-04-20T05:13:15Z",
            "default_algorithm": "AES_128",
            "deletion_protection": false,
            "description": "ключ для шифрования бакета",
            "folder_id": "b1gd4iu9i673fhlkf5lf",
            "id": "abj5bgrvk64cvpha039k",
            "labels": null,
            "name": "key-1",
            "rotated_at": "",
            "rotation_period": "24h0m0s",
            "status": "active",
            "timeouts": null
          },
          "sensitive_attributes": [],
          "private": "eyJlMmJmYjczMC1lY2FhLTExZTYtOGY4OC0zNDM2M2JjN2M0YzAiOnsiY3JlYXRlIjo2MDAwMDAwMDAwMCwiZGVsZXRlIjo2MDAwMDAwMDAwMCwicmVhZCI6NjAwMDAwMDAwMDAsInVwZGF0ZSI6NjAwMDAwMDAwMDB9LCJzY2hlbWFfdmVyc2lvbiI6IjEifQ=="
        }
      ]
    }
  ],
  "check_results": null
}
