{
  "version": 4,
  "terraform_version": "1.11.3",
  "serial": 3,
  "lineage": "4b45e29f-3058-18ab-2a75-47eeaff28a2a",
  "outputs": {},
  "resources": [
    {
      "module": "module.bucket",
      "mode": "managed",
      "type": "yandex_kms_symmetric_key",
      "name": "secret-key",
      "provider": "module.bucket.provider[\"registry.terraform.io/yandex-cloud/yandex\"]",
      "instances": [
        {
          "schema_version": 1,
          "attributes": {
            "created_at": "2025-04-20T04:11:51Z",
            "default_algorithm": "AES_128",
            "deletion_protection": false,
            "description": "ключ для шифрования бакета",
            "folder_id": "b1gd4iu9i673fhlkf5lf",
            "id": "abj1n808g790tsgp4hrk",
            "labels": null,
            "name": "key-1",
            "rotated_at": "",
            "rotation_period": "24h0m0s",
            "status": "active",
            "timeouts": null
          },
          "sensitive_attributes": [],
          "private": "eyJlMmJmYjczMC1lY2FhLTExZTYtOGY4OC0zNDM2M2JjN2M0YzAiOnsiY3JlYXRlIjo2MDAwMDAwMDAwMCwiZGVsZXRlIjo2MDAwMDAwMDAwMCwicmVhZCI6NjAwMDAwMDAwMDAsInVwZGF0ZSI6NjAwMDAwMDAwMDB9LCJzY2hlbWFfdmVyc2lvbiI6IjEifQ=="
        }
      ]
    }
  ],
  "check_results": null
}
